%{
  "avl_tree": {:hex, :avl_tree, "1.0.0", "6bb06f56ca988ba87ba3762c234249af0926778d27d54647d9f8fca7610c53ba", [:mix], [], "hexpm", "be7a3f33af15d155f08ef02fe6c1ba12999d6b22aa6104e06d020cb9de127257"},
  "heap": {:hex, :heap, "3.0.0", "c6dbcd6e9a0b021432176e89cfd829dd065bd6c115981fdcd981a4251fff5fde", [:mix], [], "hexpm", "373eaca5787e2a2b009c42338e70414f590ceabcf96cfc786627ed762ad4dfc6"},
  "jason": {:hex, :jason, "1.4.0", "e855647bc964a44e2f67df589ccf49105ae039d4179db7f6271dfd3843dc27e6", [:mix], [{:decimal, "~> 1.0 or ~> 2.0", [hex: :decimal, repo: "hexpm", optional: true]}], "hexpm", "79a3791085b2a0f743ca04cec0f7be26443738779d09302e01318f97bdb82121"},
  "levenshtein": {:hex, :levenshtein, "0.3.0", "c8787b1035d955617d1b57d31acfa04a6e58e912c26ad1c71aced5ae048c040f", [:mix], [], "hexpm", "17a5f8235d147087375e399e2288720cb01b7cc5c3f337c45734e4f4d7941bf2"},
  "math": {:hex, :math, "0.7.0", "12af548c3892abf939a2e242216c3e7cbfb65b9b2fe0d872d05c6fb609f8127b", [:mix], [], "hexpm", "7987af97a0c6b58ad9db43eb5252a49fc1dfe1f6d98f17da9282e297f594ebc2"},
  "qex": {:hex, :qex, "0.5.1", "0d82c0f008551d24fffb99d97f8299afcb8ea9cf99582b770bd004ed5af63fd6", [:mix], [], "hexpm", "935a39fdaf2445834b95951456559e9dc2063d0a055742c558a99987b38d6bab"},
}
